// !$*UTF8*$!
{
	archiveVersion = 1;
	classes = {
	};
	objectVersion = 50;
	objects = {

/* Begin PBXBuildFile section */
		865FB552246E923300451BA2 /* MDItem.swift in Sources */ = {isa = PBXBuildFile; fileRef = 865FB551246E923300451BA2 /* MDItem.swift */; };
		865FB554246E924800451BA2 /* MDButton.swift in Sources */ = {isa = PBXBuildFile; fileRef = 865FB553246E924800451BA2 /* MDButton.swift */; };
		86E747C924486A4600FC9442 /* AppDelegate.swift in Sources */ = {isa = PBXBuildFile; fileRef = 86E747C824486A4600FC9442 /* AppDelegate.swift */; };
		86E747CD24486A4600FC9442 /* ViewController.swift in Sources */ = {isa = PBXBuildFile; fileRef = 86E747CC24486A4600FC9442 /* ViewController.swift */; };
		86E747D024486A4600FC9442 /* Main.storyboard in Resources */ = {isa = PBXBuildFile; fileRef = 86E747CE24486A4600FC9442 /* Main.storyboard */; };
		86E747D224486A4800FC9442 /* Assets.xcassets in Resources */ = {isa = PBXBuildFile; fileRef = 86E747D124486A4800FC9442 /* Assets.xcassets */; };
		86E747D524486A4800FC9442 /* LaunchScreen.storyboard in Resources */ = {isa = PBXBuildFile; fileRef = 86E747D324486A4800FC9442 /* LaunchScreen.storyboard */; };
/* End PBXBuildFile section */

/* Begin PBXFileReference section */
		865FB551246E923300451BA2 /* MDItem.swift */ = {isa = PBXFileReference; lastKnownFileType = sourcecode.swift; path = MDItem.swift; sourceTree = "<group>"; };
		865FB553246E924800451BA2 /* MDButton.swift */ = {isa = PBXFileReference; lastKnownFileType = sourcecode.swift; path = MDButton.swift; sourceTree = "<group>"; };
		86E747C524486A4600FC9442 /* MDCalculator.app */ = {isa = PBXFileReference; explicitFileType = wrapper.application; includeInIndex = 0; path = MDCalculator.app; sourceTree = BUILT_PRODUCTS_DIR; };
		86E747C824486A4600FC9442 /* AppDelegate.swift */ = {isa = PBXFileReference; lastKnownFileType = sourcecode.swift; path = AppDelegate.swift; sourceTree = "<group>"; };
		86E747CC24486A4600FC9442 /* ViewController.swift */ = {isa = PBXFileReference; lastKnownFileType = sourcecode.swift; path = ViewController.swift; sourceTree = "<group>"; };
		86E747CF24486A4600FC9442 /* Base */ = {isa = PBXFileReference; lastKnownFileType = file.storyboard; name = Base; path = Base.lproj/Main.storyboard; sourceTree = "<group>"; };
		86E747D124486A4800FC9442 /* Assets.xcassets */ = {isa = PBXFileReference; lastKnownFileType = folder.assetcatalog; path = Assets.xcassets; sourceTree = "<group>"; };
		86E747D424486A4800FC9442 /* Base */ = {isa = PBXFileReference; lastKnownFileType = file.storyboard; name = Base; path = Base.lproj/LaunchScreen.storyboard; sourceTree = "<group>"; };
		86E747D624486A4800FC9442 /* Info.plist */ = {isa = PBXFileReference; lastKnownFileType = text.plist.xml; path = Info.plist; sourceTree = "<group>"; };
/* End PBXFileReference section */

/* Begin PBXFrameworksBuildPhase section */
		86E747C224486A4600FC9442 /* Frameworks */ = {
			isa = PBXFrameworksBuildPhase;
			buildActionMask = 2147483647;
			files = (
			);
			runOnlyForDeploymentPostprocessing = 0;
		};
/* End PBXFrameworksBuildPhase section */

/* Begin PBXGroup section */
		86E747BC24486A4600FC9442 = {
			isa = PBXGroup;
			children = (
				86E747C724486A4600FC9442 /* MDCalculator */,
				86E747C624486A4600FC9442 /* Products */,
			);
			sourceTree = "<group>";
		};
		86E747C624486A4600FC9442 /* Products */ = {
			isa = PBXGroup;
			children = (
				86E747C524486A4600FC9442 /* MDCalculator.app */,
			);
			name = Products;
			sourceTree = "<group>";
		};
		86E747C724486A4600FC9442 /* MDCalculator */ = {
			isa = PBXGroup;
			children = (
				86E747C824486A4600FC9442 /* AppDelegate.swift */,
				86E747CC24486A4600FC9442 /* ViewController.swift */,
				865FB551246E923300451BA2 /* MDItem.swift */,
				865FB553246E924800451BA2 /* MDButton.swift */,
				86E747CE24486A4600FC9442 /* Main.storyboard */,
				86E747D124486A4800FC9442 /* Assets.xcassets */,
				86E747D324486A4800FC9442 /* LaunchScreen.storyboard */,
				86E747D624486A4800FC9442 /* Info.plist */,
			);
			path = MDCalculator;
			sourceTree = "<group>";
		};
/* End PBXGroup section */

/* Begin PBXNativeTarget section */
		86E747C424486A4600FC9442 /* MDCalculator */ = {
			isa = PBXNativeTarget;
			buildConfigurationList = 86E747D924486A4800FC9442 /* Build configuration list for PBXNativeTarget "MDCalculator" */;
			buildPhases = (
				86E747C124486A4600FC9442 /* Sources */,
				86E747C224486A4600FC9442 /* Frameworks */,
				86E747C324486A4600FC9442 /* Resources */,
			);
			buildRules = (
			);
			dependencies = (
			);
			name = MDCalculator;
			productName = MDCalculator;
			productReference = 86E747C524486A4600FC9442 /* MDCalculator.app */;
			productType = "com.apple.product-type.application";
		};
/* End PBXNativeTarget section */

/* Begin PBXProject section */
		86E747BD24486A4600FC9442 /* Project object */ = {
			isa = PBXProject;
			attributes = {
				LastSwiftUpdateCheck = 1120;
				LastUpgradeCheck = 1120;
				ORGANIZATIONNAME = LRanger;
				TargetAttributes = {
					86E747C424486A4600FC9442 = {
						CreatedOnToolsVersion = 11.2.1;
					};
				};
			};
			buildConfigurationList = 86E747C024486A4600FC9442 /* Build configuration list for PBXProject "MDCalculator" */;
			compatibilityVersion = "Xcode 9.3";
			developmentRegion = en;
			hasScannedForEncodings = 0;
			knownRegions = (
				en,
				Base,
			);
			mainGroup = 86E747BC24486A4600FC9442;
			productRefGroup = 86E747C624486A4600FC9442 /* Products */;
			projectDirPath = "";
			projectRoot = "";
			targets = (
				86E747C424486A4600FC9442 /* MDCalculator */,
			);
		};
/* End PBXProject section */

/* Begin PBXResourcesBuildPhase section */
		86E747C324486A4600FC9442 /* Resources */ = {
			isa = PBXResourcesBuildPhase;
			buildActionMask = 2147483647;
			files = (
				86E747D524486A4800FC9442 /* LaunchScreen.storyboard in Resources */,
				86E747D224486A4800FC9442 /* Assets.xcassets in Resources */,
				86E747D024486A4600FC9442 /* Main.storyboard in Resources */,
			);
			runOnlyForDeploymentPostprocessing = 0;
		};
/* End PBXResourcesBuildPhase section */

/* Begin PBXSourcesBuildPhase section */
		86E747C124486A4600FC9442 /* Sources */ = {
			isa = PBXSourcesBuildPhase;
			buildActionMask = 2147483647;
			files = (
				865FB554246E924800451BA2 /* MDButton.swift in Sources */,
				86E747CD24486A4600FC9442 /* ViewController.swift in Sources */,
				86E747C924486A4600FC9442 /* AppDelegate.swift in Sources */,
				865FB552246E923300451BA2 /* MDItem.swift in Sources */,
			);
			runOnlyForDeploymentPostprocessing = 0;
		};
/* End PBXSourcesBuildPhase section */

/* Begin PBXVariantGroup section */
		86E747CE24486A4600FC9442 /* Main.storyboard */ = {
			isa = PBXVariantGroup;
			children = (
				86E747CF24486A4600FC9442 /* Base */,
			);
			name = Main.storyboard;
			sourceTree = "<group>";
		};
		86E747D324486A4800FC9442 /* LaunchScreen.storyboard */ = {
			isa = PBXVariantGroup;
			children = (
				86E747D424486A4800FC9442 /* Base */,
			);
			name = LaunchScreen.storyboard;
			sourceTree = "<group>";
		};
/* End PBXVariantGroup section */

/* Begin XCBuildConfiguration section */
		86E747D724486A4800FC9442 /* Debug */ = {
			isa = XCBuildConfiguration;
			buildSettings = {
				ALWAYS_SEARCH_USER_PATHS = NO;
				CLANG_ANALYZER_NONNULL = YES;
				CLANG_ANALYZER_NUMBER_OBJECT_CONVERSION = YES_AGGRESSIVE;
				CLANG_CXX_LANGUAGE_STANDARD = "gnu++14";
				CLANG_CXX_LIBRARY = "libc++";
				CLANG_ENABLE_MODULES = YES;
				CLANG_ENABLE_OBJC_ARC = YES;
				CLANG_ENABLE_OBJC_WEAK = YES;
				CLANG_WARN_BLOCK_CAPTURE_AUTORELEASING = YES;
				CLANG_WARN_BOOL_CONVERSION = YES;
				CLANG_WARN_COMMA = YES;
				CLANG_WARN_CONSTANT_CONVERSION = YES;
				CLANG_WARN_DEPRECATED_OBJC_IMPLEMENTATIONS = YES;
				CLANG_WARN_DIRECT_OBJC_ISA_USAGE = YES_ERROR;
				CLANG_WARN_DOCUMENTATION_COMMENTS = YES;
				CLANG_WARN_EMPTY_BODY = YES;
				CLANG_WARN_ENUM_CONVERSION = YES;
				CLANG_WARN_INFINITE_RECURSION = YES;
				CLANG_WARN_INT_CONVERSION = YES;
				CLANG_WARN_NON_LITERAL_NULL_CONVERSION = YES;
				CLANG_WARN_OBJC_IMPLICIT_RETAIN_SELF = YES;
				CLANG_WARN_OBJC_LITERAL_CONVERSION = YES;
				CLANG_WARN_OBJC_ROOT_CLASS = YES_ERROR;
				CLANG_WARN_RANGE_LOOP_ANALYSIS = YES;
				CLANG_WARN_STRICT_PROTOTYPES = YES;
				CLANG_WARN_SUSPICIOUS_MOVE = YES;
				CLANG_WARN_UNGUARDED_AVAILABILITY = YES_AGGRESSIVE;
				CLANG_WARN_UNREACHABLE_CODE = YES;
				CLANG_WARN__DUPLICATE_METHOD_MATCH = YES;
				COPY_PHASE_STRIP = NO;
				DEBUG_INFORMATION_FORMAT = dwarf;
				ENABLE_STRICT_OBJC_MSGSEND = YES;
				ENABLE_TESTABILITY = YES;
				GCC_C_LANGUAGE_STANDARD = gnu11;
				GCC_DYNAMIC_NO_PIC = NO;
				GCC_NO_COMMON_BLOCKS = YES;
				GCC_OPTIMIZATION_LEVEL = 0;
				GCC_PREPROCESSOR_DEFINITIONS = (
					"DEBUG=1",
					"$(inherited)",
				);
				GCC_WARN_64_TO_32_BIT_CONVERSION = YES;
				GCC_WARN_ABOUT_RETURN_TYPE = YES_ERROR;
				GCC_WARN_UNDECLARED_SELECTOR = YES;
				GCC_WARN_UNINITIALIZED_AUTOS = YES_AGGRESSIVE;
				GCC_WARN_UNUSED_FUNCTION = YES;
				GCC_WARN_UNUSED_VARIABLE = YES;
				IPHONEOS_DEPLOYMENT_TARGET = 13.2;
				MTL_ENABLE_DEBUG_INFO = INCLUDE_SOURCE;
				MTL_FAST_MATH = YES;
				ONLY_ACTIVE_ARCH = YES;
				SDKROOT = iphoneos;
				SWIFT_ACTIVE_COMPILATION_CONDITIONS = DEBUG;
				SWIFT_OPTIMIZATION_LEVEL = "-Onone";
			};
			name = Debug;
		};
		86E747D824486A4800FC9442 /* Release */ = {
			isa = XCBuildConfiguration;
			buildSettings = {
				ALWAYS_SEARCH_USER_PATHS = NO;
				CLANG_ANALYZER_NONNULL = YES;
				CLANG_ANALYZER_NUMBER_OBJECT_CONVERSION = YES_AGGRESSIVE;
				CLANG_CXX_LANGUAGE_STANDARD = "gnu++14";
				CLANG_CXX_LIBRARY = "libc++";
				CLANG_ENABLE_MODULES = YES;
				CLANG_ENABLE_OBJC_ARC = YES;
				CLANG_ENABLE_OBJC_WEAK = YES;
				CLANG_WARN_BLOCK_CAPTURE_AUTORELEASING = YES;
				CLANG_WARN_BOOL_CONVERSION = YES;
				CLANG_WARN_COMMA = YES;
				CLANG_WARN_CONSTANT_CONVERSION = YES;
				CLANG_WARN_DEPRECATED_OBJC_IMPLEMENTATIONS = YES;
				CLANG_WARN_DIRECT_OBJC_ISA_USAGE = YES_ERROR;
				CLANG_WARN_DOCUMENTATION_COMMENTS = YES;
				CLANG_WARN_EMPTY_BODY = YES;
				CLANG_WARN_ENUM_CONVERSION = YES;
				CLANG_WARN_INFINITE_RECURSION = YES;
				CLANG_WARN_INT_CONVERSION = YES;
				CLANG_WARN_NON_LITERAL_NULL_CONVERSION = YES;
				CLANG_WARN_OBJC_IMPLICIT_RETAIN_SELF = YES;
				CLANG_WARN_OBJC_LITERAL_CONVERSION = YES;
				CLANG_WARN_OBJC_ROOT_CLASS = YES_ERROR;
				CLANG_WARN_RANGE_LOOP_ANALYSIS = YES;
				CLANG_WARN_STRICT_PROTOTYPES = YES;
				CLANG_WARN_SUSPICIOUS_MOVE = YES;
				CLANG_WARN_UNGUARDED_AVAILABILITY = YES_AGGRESSIVE;
				CLANG_WARN_UNREACHABLE_CODE = YES;
				CLANG_WARN__DUPLICATE_METHOD_MATCH = YES;
				COPY_PHASE_STRIP = NO;
				DEBUG_INFORMATION_FORMAT = "dwarf-with-dsym";
				ENABLE_NS_ASSERTIONS = NO;
				ENABLE_STRICT_OBJC_MSGSEND = YES;
				GCC_C_LANGUAGE_STANDARD = gnu11;
				GCC_NO_COMMON_BLOCKS = YES;
				GCC_WARN_64_TO_32_BIT_CONVERSION = YES;
				GCC_WARN_ABOUT_RETURN_TYPE = YES_ERROR;
				GCC_WARN_UNDECLARED_SELECTOR = YES;
				GCC_WARN_UNINITIALIZED_AUTOS = YES_AGGRESSIVE;
				GCC_WARN_UNUSED_FUNCTION = YES;
				GCC_WARN_UNUSED_VARIABLE = YES;
				IPHONEOS_DEPLOYMENT_TARGET = 13.2;
				MTL_ENABLE_DEBUG_INFO = NO;
				MTL_FAST_MATH = YES;
				SDKROOT = iphoneos;
				SWIFT_COMPILATION_MODE = wholemodule;
				SWIFT_OPTIMIZATION_LEVEL = "-O";
				VALIDATE_PRODUCT = YES;
			};
			name = Release;
		};
		86E747DA24486A4800FC9442 /* Debug */ = {
			isa = XCBuildConfiguration;
			buildSettings = {
				ASSETCATALOG_COMPILER_APPICON_NAME = AppIcon;
				CODE_SIGN_STYLE = Automatic;
				DEVELOPMENT_TEAM = FVGF2WU8U4;
				INFOPLIST_FILE = MDCalculator/Info.plist;
				IPHONEOS_DEPLOYMENT_TARGET = 10.0;
				LD_RUNPATH_SEARCH_PATHS = (
					"$(inherited)",
					"@executable_path/Frameworks",
				);
				PRODUCT_BUNDLE_IDENTIFIER = LRanger.MDCalculator;
				PRODUCT_NAME = "$(TARGET_NAME)";
				SWIFT_VERSION = 5.0;
				TARGETED_DEVICE_FAMILY = "1,2";
			};
			name = Debug;
		};
		86E747DB24486A4800FC9442 /* Release */ = {
			isa = XCBuildConfiguration;
			buildSettings = {
				ASSETCATALOG_COMPILER_APPICON_NAME = AppIcon;
				CODE_SIGN_STYLE = Automatic;
				DEVELOPMENT_TEAM = FVGF2WU8U4;
				INFOPLIST_FILE = MDCalculator/Info.plist;
				IPHONEOS_DEPLOYMENT_TARGET = 10.0;
				LD_RUNPATH_SEARCH_PATHS = (
					"$(inherited)",
					"@executable_path/Frameworks",
				);
				PRODUCT_BUNDLE_IDENTIFIER = LRanger.MDCalculator;
				PRODUCT_NAME = "$(TARGET_NAME)";
				SWIFT_VERSION = 5.0;
				TARGETED_DEVICE_FAMILY = "1,2";
			};
			name = Release;
		};
/* End XCBuildConfiguration section */

/* Begin XCConfigurationList section */
		86E747C024486A4600FC9442 /* Build configuration list for PBXProject "MDCalculator" */ = {
			isa = XCConfigurationList;
			buildConfigurations = (
				86E747D724486A4800FC9442 /* Debug */,
				86E747D824486A4800FC9442 /* Release */,
			);
			defaultConfigurationIsVisible = 0;
			defaultConfigurationName = Release;
		};
		86E747D924486A4800FC9442 /* Build configuration list for PBXNativeTarget "MDCalculator" */ = {
			isa = XCConfigurationList;
			buildConfigurations = (
				86E747DA24486A4800FC9442 /* Debug */,
				86E747DB24486A4800FC9442 /* Release */,
			);
			defaultConfigurationIsVisible = 0;
			defaultConfigurationName = Release;
		};
/* End XCConfigurationList section */
	};
	rootObject = 86E747BD24486A4600FC9442 /* Project object */;
}
